
Microsoft Visual Studio Solution File, Format Version 12.00
# Visual Studio Version 17
VisualStudioVersion = 17.7.34024.191
MinimumVisualStudioVersion = 10.0.40219.1
Project("{FAE04EC0-301F-11D3-BF4B-00C04F79EFBC}") = "HelloSundsvall", "HelloSundsvall.csproj", "{3454E7FF-5830-41C7-B3B9-BF181B32E3C0}"
EndProject
Global
	GlobalSection(SolutionConfigurationPlatforms) = preSolution
		Debug|Any CPU = Debug|Any CPU
		Release|Any CPU = Release|Any CPU
	EndGlobalSection
	GlobalSection(ProjectConfigurationPlatforms) = postSolution
		{3454E7FF-5830-41C7-B3B9-BF181B32E3C0}.Debug|Any CPU.ActiveCfg = Debug|Any CPU
		{3454E7FF-5830-41C7-B3B9-BF181B32E3C0}.Debug|Any CPU.Build.0 = Debug|Any CPU
		{3454E7FF-5830-41C7-B3B9-BF181B32E3C0}.Release|Any CPU.ActiveCfg = Release|Any CPU
		{3454E7FF-5830-41C7-B3B9-BF181B32E3C0}.Release|Any CPU.Build.0 = Release|Any CPU
	EndGlobalSection
	GlobalSection(SolutionProperties) = preSolution
		HideSolutionNode = FALSE
	EndGlobalSection
	GlobalSection(ExtensibilityGlobals) = postSolution
		SolutionGuid = {1A9B6D14-8E0A-4410-B70E-EE95013F4252}
	EndGlobalSection
EndGlobal
